// !$*UTF8*$!
{
	archiveVersion = 1;
	classes = {
	};
	objectVersion = 48;
	objects = {

/* Begin PBXBuildFile section */
		A63088971F623E3B00367A29 /* AppDelegate.swift in Sources */ = {isa = PBXBuildFile; fileRef = A63088961F623E3B00367A29 /* AppDelegate.swift */; };
		A63088991F623E3B00367A29 /* art.scnassets in Resources */ = {isa = PBXBuildFile; fileRef = A63088981F623E3B00367A29 /* art.scnassets */; };
		A630889B1F623E3B00367A29 /* ViewController.swift in Sources */ = {isa = PBXBuildFile; fileRef = A630889A1F623E3B00367A29 /* ViewController.swift */; };
		A630889E1F623E3B00367A29 /* Main.storyboard in Resources */ = {isa = PBXBuildFile; fileRef = A630889C1F623E3B00367A29 /* Main.storyboard */; };
		A63088A01F623E3B00367A29 /* Assets.xcassets in Resources */ = {isa = PBXBuildFile; fileRef = A630889F1F623E3B00367A29 /* Assets.xcassets */; };
		A63088A31F623E3B00367A29 /* LaunchScreen.storyboard in Resources */ = {isa = PBXBuildFile; fileRef = A63088A11F623E3B00367A29 /* LaunchScreen.storyboard */; };
/* End PBXBuildFile section */

/* Begin PBXFileReference section */
		A63088931F623E3B00367A29 /* ARGeometryFighter.app */ = {isa = PBXFileReference; explicitFileType = wrapper.application; includeInIndex = 0; path = ARGeometryFighter.app; sourceTree = BUILT_PRODUCTS_DIR; };
		A63088961F623E3B00367A29 /* AppDelegate.swift */ = {isa = PBXFileReference; lastKnownFileType = sourcecode.swift; path = AppDelegate.swift; sourceTree = "<group>"; };
		A63088981F623E3B00367A29 /* art.scnassets */ = {isa = PBXFileReference; lastKnownFileType = wrapper.scnassets; path = art.scnassets; sourceTree = "<group>"; };
		A630889A1F623E3B00367A29 /* ViewController.swift */ = {isa = PBXFileReference; lastKnownFileType = sourcecode.swift; path = ViewController.swift; sourceTree = "<group>"; };
		A630889D1F623E3B00367A29 /* Base */ = {isa = PBXFileReference; lastKnownFileType = file.storyboard; name = Base; path = Base.lproj/Main.storyboard; sourceTree = "<group>"; };
		A630889F1F623E3B00367A29 /* Assets.xcassets */ = {isa = PBXFileReference; lastKnownFileType = folder.assetcatalog; path = Assets.xcassets; sourceTree = "<group>"; };
		A63088A21F623E3B00367A29 /* Base */ = {isa = PBXFileReference; lastKnownFileType = file.storyboard; name = Base; path = Base.lproj/LaunchScreen.storyboard; sourceTree = "<group>"; };
		A63088A41F623E3B00367A29 /* Info.plist */ = {isa = PBXFileReference; lastKnownFileType = text.plist.xml; path = Info.plist; sourceTree = "<group>"; };
/* End PBXFileReference section */

/* Begin PBXFrameworksBuildPhase section */
		A63088901F623E3B00367A29 /* Frameworks */ = {
			isa = PBXFrameworksBuildPhase;
			buildActionMask = 2147483647;
			files = (
			);
			runOnlyForDeploymentPostprocessing = 0;
		};
/* End PBXFrameworksBuildPhase section */

/* Begin PBXGroup section */
		A630888A1F623E3B00367A29 = {
			isa = PBXGroup;
			children = (
				A63088951F623E3B00367A29 /* ARGeometryFighter */,
				A63088941F623E3B00367A29 /* Products */,
			);
			sourceTree = "<group>";
		};
		A63088941F623E3B00367A29 /* Products */ = {
			isa = PBXGroup;
			children = (
				A63088931F623E3B00367A29 /* ARGeometryFighter.app */,
			);
			name = Products;
			sourceTree = "<group>";
		};
		A63088951F623E3B00367A29 /* ARGeometryFighter */ = {
			isa = PBXGroup;
			children = (
				A63088961F623E3B00367A29 /* AppDelegate.swift */,
				A63088981F623E3B00367A29 /* art.scnassets */,
				A630889A1F623E3B00367A29 /* ViewController.swift */,
				A630889C1F623E3B00367A29 /* Main.storyboard */,
				A630889F1F623E3B00367A29 /* Assets.xcassets */,
				A63088A11F623E3B00367A29 /* LaunchScreen.storyboard */,
				A63088A41F623E3B00367A29 /* Info.plist */,
			);
			path = ARGeometryFighter;
			sourceTree = "<group>";
		};
/* End PBXGroup section */

/* Begin PBXNativeTarget section */
		A63088921F623E3B00367A29 /* ARGeometryFighter */ = {
			isa = PBXNativeTarget;
			buildConfigurationList = A63088A71F623E3B00367A29 /* Build configuration list for PBXNativeTarget "ARGeometryFighter" */;
			buildPhases = (
				A630888F1F623E3B00367A29 /* Sources */,
				A63088901F623E3B00367A29 /* Frameworks */,
				A63088911F623E3B00367A29 /* Resources */,
			);
			buildRules = (
			);
			dependencies = (
			);
			name = ARGeometryFighter;
			productName = ARGeometryFighter;
			productReference = A63088931F623E3B00367A29 /* ARGeometryFighter.app */;
			productType = "com.apple.product-type.application";
		};
/* End PBXNativeTarget section */

/* Begin PBXProject section */
		A630888B1F623E3B00367A29 /* Project object */ = {
			isa = PBXProject;
			attributes = {
				LastSwiftUpdateCheck = 0900;
				LastUpgradeCheck = 0900;
				ORGANIZATIONNAME = "吴迪玮";
				TargetAttributes = {
					A63088921F623E3B00367A29 = {
						CreatedOnToolsVersion = 9.0;
						ProvisioningStyle = Automatic;
					};
				};
			};
			buildConfigurationList = A630888E1F623E3B00367A29 /* Build configuration list for PBXProject "ARGeometryFighter" */;
			compatibilityVersion = "Xcode 8.0";
			developmentRegion = en;
			hasScannedForEncodings = 0;
			knownRegions = (
				en,
				Base,
			);
			mainGroup = A630888A1F623E3B00367A29;
			productRefGroup = A63088941F623E3B00367A29 /* Products */;
			projectDirPath = "";
			projectRoot = "";
			targets = (
				A63088921F623E3B00367A29 /* ARGeometryFighter */,
			);
		};
/* End PBXProject section */

/* Begin PBXResourcesBuildPhase section */
		A63088911F623E3B00367A29 /* Resources */ = {
			isa = PBXResourcesBuildPhase;
			buildActionMask = 2147483647;
			files = (
				A63088991F623E3B00367A29 /* art.scnassets in Resources */,
				A63088A31F623E3B00367A29 /* LaunchScreen.storyboard in Resources */,
				A63088A01F623E3B00367A29 /* Assets.xcassets in Resources */,
				A630889E1F623E3B00367A29 /* Main.storyboard in Resources */,
			);
			runOnlyForDeploymentPostprocessing = 0;
		};
/* End PBXResourcesBuildPhase section */

/* Begin PBXSourcesBuildPhase section */
		A630888F1F623E3B00367A29 /* Sources */ = {
			isa = PBXSourcesBuildPhase;
			buildActionMask = 2147483647;
			files = (
				A630889B1F623E3B00367A29 /* ViewController.swift in Sources */,
				A63088971F623E3B00367A29 /* AppDelegate.swift in Sources */,
			);
			runOnlyForDeploymentPostprocessing = 0;
		};
/* End PBXSourcesBuildPhase section */

/* Begin PBXVariantGroup section */
		A630889C1F623E3B00367A29 /* Main.storyboard */ = {
			isa = PBXVariantGroup;
			children = (
				A630889D1F623E3B00367A29 /* Base */,
			);
			name = Main.storyboard;
			sourceTree = "<group>";
		};
		A63088A11F623E3B00367A29 /* LaunchScreen.storyboard */ = {
			isa = PBXVariantGroup;
			children = (
				A63088A21F623E3B00367A29 /* Base */,
			);
			name = LaunchScreen.storyboard;
			sourceTree = "<group>";
		};
/* End PBXVariantGroup section */

/* Begin XCBuildConfiguration section */
		A63088A51F623E3B00367A29 /* Debug */ = {
			isa = XCBuildConfiguration;
			buildSettings = {
				ALWAYS_SEARCH_USER_PATHS = NO;
				CLANG_ANALYZER_NONNULL = YES;
				CLANG_ANALYZER_NUMBER_OBJECT_CONVERSION = YES_AGGRESSIVE;
				CLANG_CXX_LANGUAGE_STANDARD = "gnu++14";
				CLANG_CXX_LIBRARY = "libc++";
				CLANG_ENABLE_MODULES = YES;
				CLANG_ENABLE_OBJC_ARC = YES;
				CLANG_WARN_BLOCK_CAPTURE_AUTORELEASING = YES;
				CLANG_WARN_BOOL_CONVERSION = YES;
				CLANG_WARN_COMMA = YES;
				CLANG_WARN_CONSTANT_CONVERSION = YES;
				CLANG_WARN_DIRECT_OBJC_ISA_USAGE = YES_ERROR;
				CLANG_WARN_DOCUMENTATION_COMMENTS = YES;
				CLANG_WARN_EMPTY_BODY = YES;
				CLANG_WARN_ENUM_CONVERSION = YES;
				CLANG_WARN_INFINITE_RECURSION = YES;
				CLANG_WARN_INT_CONVERSION = YES;
				CLANG_WARN_NON_LITERAL_NULL_CONVERSION = YES;
				CLANG_WARN_OBJC_LITERAL_CONVERSION = YES;
				CLANG_WARN_OBJC_ROOT_CLASS = YES_ERROR;
				CLANG_WARN_RANGE_LOOP_ANALYSIS = YES;
				CLANG_WARN_STRICT_PROTOTYPES = YES;
				CLANG_WARN_SUSPICIOUS_MOVE = YES;
				CLANG_WARN_UNGUARDED_AVAILABILITY = YES_AGGRESSIVE;
				CLANG_WARN_UNREACHABLE_CODE = YES;
				CLANG_WARN__DUPLICATE_METHOD_MATCH = YES;
				CODE_SIGN_IDENTITY = "iPhone Developer";
				COPY_PHASE_STRIP = NO;
				DEBUG_INFORMATION_FORMAT = dwarf;
				ENABLE_STRICT_OBJC_MSGSEND = YES;
				ENABLE_TESTABILITY = YES;
				GCC_C_LANGUAGE_STANDARD = gnu11;
				GCC_DYNAMIC_NO_PIC = NO;
				GCC_NO_COMMON_BLOCKS = YES;
				GCC_OPTIMIZATION_LEVEL = 0;
				GCC_PREPROCESSOR_DEFINITIONS = (
					"DEBUG=1",
					"$(inherited)",
				);
				GCC_WARN_64_TO_32_BIT_CONVERSION = YES;
				GCC_WARN_ABOUT_RETURN_TYPE = YES_ERROR;
				GCC_WARN_UNDECLARED_SELECTOR = YES;
				GCC_WARN_UNINITIALIZED_AUTOS = YES_AGGRESSIVE;
				GCC_WARN_UNUSED_FUNCTION = YES;
				GCC_WARN_UNUSED_VARIABLE = YES;
				IPHONEOS_DEPLOYMENT_TARGET = 11.0;
				MTL_ENABLE_DEBUG_INFO = YES;
				ONLY_ACTIVE_ARCH = YES;
				SDKROOT = iphoneos;
				SWIFT_ACTIVE_COMPILATION_CONDITIONS = DEBUG;
				SWIFT_OPTIMIZATION_LEVEL = "-Onone";
			};
			name = Debug;
		};
		A63088A61F623E3B00367A29 /* Release */ = {
			isa = XCBuildConfiguration;
			buildSettings = {
				ALWAYS_SEARCH_USER_PATHS = NO;
				CLANG_ANALYZER_NONNULL = YES;
				CLANG_ANALYZER_NUMBER_OBJECT_CONVERSION = YES_AGGRESSIVE;
				CLANG_CXX_LANGUAGE_STANDARD = "gnu++14";
				CLANG_CXX_LIBRARY = "libc++";
				CLANG_ENABLE_MODULES = YES;
				CLANG_ENABLE_OBJC_ARC = YES;
				CLANG_WARN_BLOCK_CAPTURE_AUTORELEASING = YES;
				CLANG_WARN_BOOL_CONVERSION = YES;
				CLANG_WARN_COMMA = YES;
				CLANG_WARN_CONSTANT_CONVERSION = YES;
				CLANG_WARN_DIRECT_OBJC_ISA_USAGE = YES_ERROR;
				CLANG_WARN_DOCUMENTATION_COMMENTS = YES;
				CLANG_WARN_EMPTY_BODY = YES;
				CLANG_WARN_ENUM_CONVERSION = YES;
				CLANG_WARN_INFINITE_RECURSION = YES;
				CLANG_WARN_INT_CONVERSION = YES;
				CLANG_WARN_NON_LITERAL_NULL_CONVERSION = YES;
				CLANG_WARN_OBJC_LITERAL_CONVERSION = YES;
				CLANG_WARN_OBJC_ROOT_CLASS = YES_ERROR;
				CLANG_WARN_RANGE_LOOP_ANALYSIS = YES;
				CLANG_WARN_STRICT_PROTOTYPES = YES;
				CLANG_WARN_SUSPICIOUS_MOVE = YES;
				CLANG_WARN_UNGUARDED_AVAILABILITY = YES_AGGRESSIVE;
				CLANG_WARN_UNREACHABLE_CODE = YES;
				CLANG_WARN__DUPLICATE_METHOD_MATCH = YES;
				CODE_SIGN_IDENTITY = "iPhone Developer";
				COPY_PHASE_STRIP = NO;
				DEBUG_INFORMATION_FORMAT = "dwarf-with-dsym";
				ENABLE_NS_ASSERTIONS = NO;
				ENABLE_STRICT_OBJC_MSGSEND = YES;
				GCC_C_LANGUAGE_STANDARD = gnu11;
				GCC_NO_COMMON_BLOCKS = YES;
				GCC_WARN_64_TO_32_BIT_CONVERSION = YES;
				GCC_WARN_ABOUT_RETURN_TYPE = YES_ERROR;
				GCC_WARN_UNDECLARED_SELECTOR = YES;
				GCC_WARN_UNINITIALIZED_AUTOS = YES_AGGRESSIVE;
				GCC_WARN_UNUSED_FUNCTION = YES;
				GCC_WARN_UNUSED_VARIABLE = YES;
				IPHONEOS_DEPLOYMENT_TARGET = 11.0;
				MTL_ENABLE_DEBUG_INFO = NO;
				SDKROOT = iphoneos;
				SWIFT_OPTIMIZATION_LEVEL = "-Owholemodule";
				VALIDATE_PRODUCT = YES;
			};
			name = Release;
		};
		A63088A81F623E3B00367A29 /* Debug */ = {
			isa = XCBuildConfiguration;
			buildSettings = {
				ASSETCATALOG_COMPILER_APPICON_NAME = AppIcon;
				CODE_SIGN_STYLE = Automatic;
				DEVELOPMENT_TEAM = V54RJ6G73V;
				INFOPLIST_FILE = ARGeometryFighter/Info.plist;
				LD_RUNPATH_SEARCH_PATHS = "$(inherited) @executable_path/Frameworks";
				PRODUCT_BUNDLE_IDENTIFIER = com.davidandty.ARGeometryFighter;
				PRODUCT_NAME = "$(TARGET_NAME)";
				SWIFT_VERSION = 4.0;
				TARGETED_DEVICE_FAMILY = "1,2";
			};
			name = Debug;
		};
		A63088A91F623E3B00367A29 /* Release */ = {
			isa = XCBuildConfiguration;
			buildSettings = {
				ASSETCATALOG_COMPILER_APPICON_NAME = AppIcon;
				CODE_SIGN_STYLE = Automatic;
				DEVELOPMENT_TEAM = V54RJ6G73V;
				INFOPLIST_FILE = ARGeometryFighter/Info.plist;
				LD_RUNPATH_SEARCH_PATHS = "$(inherited) @executable_path/Frameworks";
				PRODUCT_BUNDLE_IDENTIFIER = com.davidandty.ARGeometryFighter;
				PRODUCT_NAME = "$(TARGET_NAME)";
				SWIFT_VERSION = 4.0;
				TARGETED_DEVICE_FAMILY = "1,2";
			};
			name = Release;
		};
/* End XCBuildConfiguration section */

/* Begin XCConfigurationList section */
		A630888E1F623E3B00367A29 /* Build configuration list for PBXProject "ARGeometryFighter" */ = {
			isa = XCConfigurationList;
			buildConfigurations = (
				A63088A51F623E3B00367A29 /* Debug */,
				A63088A61F623E3B00367A29 /* Release */,
			);
			defaultConfigurationIsVisible = 0;
			defaultConfigurationName = Release;
		};
		A63088A71F623E3B00367A29 /* Build configuration list for PBXNativeTarget "ARGeometryFighter" */ = {
			isa = XCConfigurationList;
			buildConfigurations = (
				A63088A81F623E3B00367A29 /* Debug */,
				A63088A91F623E3B00367A29 /* Release */,
			);
			defaultConfigurationIsVisible = 0;
			defaultConfigurationName = Release;
		};
/* End XCConfigurationList section */
	};
	rootObject = A630888B1F623E3B00367A29 /* Project object */;
}
